
Microsoft Visual Studio Solution File, Format Version 12.00
# Visual Studio Version 17
VisualStudioVersion = 17.12.35707.178
MinimumVisualStudioVersion = 10.0.40219.1
Project("{FAE04EC0-301F-11D3-BF4B-00C04F79EFBC}") = "UserService", "UserService\UserService.csproj", "{2AEDFBBB-ECC7-4F29-9E9E-ADA388D8FD3D}"
EndProject
Project("{FAE04EC0-301F-11D3-BF4B-00C04F79EFBC}") = "SignalingService", "SignalingService\SignalingService.csproj", "{D890BBF0-9211-44D2-B062-1F44DB0A3B25}"
EndProject
Project("{FAE04EC0-301F-11D3-BF4B-00C04F79EFBC}") = "MessagingService", "MessagingService\MessagingService.csproj", "{02E17707-EE69-4397-A241-A70C4644D804}"
EndProject
Project("{FAE04EC0-301F-11D3-BF4B-00C04F79EFBC}") = "MessagingService.Tests", "MessagingService.Tests\MessagingService.Tests.csproj", "{63568D80-5643-4231-8927-A5045E56DDE2}"
EndProject
Project("{FAE04EC0-301F-11D3-BF4B-00C04F79EFBC}") = "UserService.Test", "UserService.Test\UserService.Test.csproj", "{F0B55C25-FCC8-4F77-B5CF-E678A68F491D}"
EndProject
Project("{FAE04EC0-301F-11D3-BF4B-00C04F79EFBC}") = "SignalingService.test", "SignalingService.test\SignalingService.test.csproj", "{988BBFBF-0714-40E9-BA33-B50E37849C9A}"
EndProject
Global
	GlobalSection(SolutionConfigurationPlatforms) = preSolution
		Debug|Any CPU = Debug|Any CPU
		Release|Any CPU = Release|Any CPU
	EndGlobalSection
	GlobalSection(ProjectConfigurationPlatforms) = postSolution
		{2AEDFBBB-ECC7-4F29-9E9E-ADA388D8FD3D}.Debug|Any CPU.ActiveCfg = Debug|Any CPU
		{2AEDFBBB-ECC7-4F29-9E9E-ADA388D8FD3D}.Debug|Any CPU.Build.0 = Debug|Any CPU
		{2AEDFBBB-ECC7-4F29-9E9E-ADA388D8FD3D}.Release|Any CPU.ActiveCfg = Release|Any CPU
		{2AEDFBBB-ECC7-4F29-9E9E-ADA388D8FD3D}.Release|Any CPU.Build.0 = Release|Any CPU
		{D890BBF0-9211-44D2-B062-1F44DB0A3B25}.Debug|Any CPU.ActiveCfg = Debug|Any CPU
		{D890BBF0-9211-44D2-B062-1F44DB0A3B25}.Debug|Any CPU.Build.0 = Debug|Any CPU
		{D890BBF0-9211-44D2-B062-1F44DB0A3B25}.Release|Any CPU.ActiveCfg = Release|Any CPU
		{D890BBF0-9211-44D2-B062-1F44DB0A3B25}.Release|Any CPU.Build.0 = Release|Any CPU
		{02E17707-EE69-4397-A241-A70C4644D804}.Debug|Any CPU.ActiveCfg = Debug|Any CPU
		{02E17707-EE69-4397-A241-A70C4644D804}.Debug|Any CPU.Build.0 = Debug|Any CPU
		{02E17707-EE69-4397-A241-A70C4644D804}.Release|Any CPU.ActiveCfg = Release|Any CPU
		{02E17707-EE69-4397-A241-A70C4644D804}.Release|Any CPU.Build.0 = Release|Any CPU
		{63568D80-5643-4231-8927-A5045E56DDE2}.Debug|Any CPU.ActiveCfg = Debug|Any CPU
		{63568D80-5643-4231-8927-A5045E56DDE2}.Debug|Any CPU.Build.0 = Debug|Any CPU
		{63568D80-5643-4231-8927-A5045E56DDE2}.Release|Any CPU.ActiveCfg = Release|Any CPU
		{63568D80-5643-4231-8927-A5045E56DDE2}.Release|Any CPU.Build.0 = Release|Any CPU
		{F0B55C25-FCC8-4F77-B5CF-E678A68F491D}.Debug|Any CPU.ActiveCfg = Debug|Any CPU
		{F0B55C25-FCC8-4F77-B5CF-E678A68F491D}.Debug|Any CPU.Build.0 = Debug|Any CPU
		{F0B55C25-FCC8-4F77-B5CF-E678A68F491D}.Release|Any CPU.ActiveCfg = Release|Any CPU
		{F0B55C25-FCC8-4F77-B5CF-E678A68F491D}.Release|Any CPU.Build.0 = Release|Any CPU
		{988BBFBF-0714-40E9-BA33-B50E37849C9A}.Debug|Any CPU.ActiveCfg = Debug|Any CPU
		{988BBFBF-0714-40E9-BA33-B50E37849C9A}.Debug|Any CPU.Build.0 = Debug|Any CPU
		{988BBFBF-0714-40E9-BA33-B50E37849C9A}.Release|Any CPU.ActiveCfg = Release|Any CPU
		{988BBFBF-0714-40E9-BA33-B50E37849C9A}.Release|Any CPU.Build.0 = Release|Any CPU
	EndGlobalSection
	GlobalSection(SolutionProperties) = preSolution
		HideSolutionNode = FALSE
	EndGlobalSection
EndGlobal
